
Microsoft Visual Studio Solution File, Format Version 12.00
# Visual Studio 15
VisualStudioVersion = 15.0.27428.2015
MinimumVisualStudioVersion = 10.0.40219.1
Project("{9A19103F-16F7-4668-BE54-9A1E7A4F7556}") = "MoneyType", "MoneyType\MoneyType.csproj", "{7DA0A31F-01A9-4E77-AA85-9567E780970F}"
EndProject
Project("{FAE04EC0-301F-11D3-BF4B-00C04F79EFBC}") = "MoneyType.Tests", "MoneyType.Tests\MoneyType.Tests.csproj", "{1FFE9896-773A-4B2E-87A8-9BF95D6E4692}"
EndProject
Global
	GlobalSection(SolutionConfigurationPlatforms) = preSolution
		Debug|Any CPU = Debug|Any CPU
		Release|Any CPU = Release|Any CPU
	EndGlobalSection
	GlobalSection(ProjectConfigurationPlatforms) = postSolution
		{7DA0A31F-01A9-4E77-AA85-9567E780970F}.Debug|Any CPU.ActiveCfg = Debug|Any CPU
		{7DA0A31F-01A9-4E77-AA85-9567E780970F}.Debug|Any CPU.Build.0 = Debug|Any CPU
		{7DA0A31F-01A9-4E77-AA85-9567E780970F}.Release|Any CPU.ActiveCfg = Release|Any CPU
		{7DA0A31F-01A9-4E77-AA85-9567E780970F}.Release|Any CPU.Build.0 = Release|Any CPU
		{1FFE9896-773A-4B2E-87A8-9BF95D6E4692}.Debug|Any CPU.ActiveCfg = Debug|Any CPU
		{1FFE9896-773A-4B2E-87A8-9BF95D6E4692}.Debug|Any CPU.Build.0 = Debug|Any CPU
		{1FFE9896-773A-4B2E-87A8-9BF95D6E4692}.Release|Any CPU.ActiveCfg = Release|Any CPU
		{1FFE9896-773A-4B2E-87A8-9BF95D6E4692}.Release|Any CPU.Build.0 = Release|Any CPU
	EndGlobalSection
	GlobalSection(SolutionProperties) = preSolution
		HideSolutionNode = FALSE
	EndGlobalSection
	GlobalSection(ExtensibilityGlobals) = postSolution
		SolutionGuid = {FD02FF25-2A29-43A9-A7A0-5366BB6D9A19}
	EndGlobalSection
EndGlobal
